Microsoft Visual Studio Solution File, Format Version 12.00
# Visual Studio 2013
VisualStudioVersion = 12.0.30501.0
MinimumVisualStudioVersion = 10.0.40219.1
Project("{2150E333-8FDC-42A3-9474-1A3956D46DE8}") = "Solution Items", "Solution Items", "{BCE4C3D6-E6D9-4207-A174-2FF0B5277951}"
	ProjectSection(SolutionItems) = preProject
		HeroicAdventure.vsmdi = HeroicAdventure.vsmdi
		localtestrun.testrunconfig = localtestrun.testrunconfig
	EndProjectSection
EndProject
Project("{F184B08F-C81C-45F6-A57F-5ABD9991F28F}") = "HA", "HA\HA.vbproj", "{8280BAAD-D5D3-4F30-A40A-E6655865C3B7}"
EndProject
Project("{F184B08F-C81C-45F6-A57F-5ABD9991F28F}") = "DBuild", "DBuild\DBuild.vbproj", "{2696FB74-A6F0-4756-96AD-DDE252C5F487}"
EndProject
Global
	GlobalSection(SolutionConfigurationPlatforms) = preSolution
		Debug|Any CPU = Debug|Any CPU
		Release|Any CPU = Release|Any CPU
	EndGlobalSection
	GlobalSection(ProjectConfigurationPlatforms) = postSolution
		{8280BAAD-D5D3-4F30-A40A-E6655865C3B7}.Debug|Any CPU.ActiveCfg = Debug|Any CPU
		{8280BAAD-D5D3-4F30-A40A-E6655865C3B7}.Debug|Any CPU.Build.0 = Debug|Any CPU
		{8280BAAD-D5D3-4F30-A40A-E6655865C3B7}.Release|Any CPU.ActiveCfg = Release|Any CPU
		{8280BAAD-D5D3-4F30-A40A-E6655865C3B7}.Release|Any CPU.Build.0 = Release|Any CPU
		{2696FB74-A6F0-4756-96AD-DDE252C5F487}.Debug|Any CPU.ActiveCfg = Debug|Any CPU
		{2696FB74-A6F0-4756-96AD-DDE252C5F487}.Debug|Any CPU.Build.0 = Debug|Any CPU
		{2696FB74-A6F0-4756-96AD-DDE252C5F487}.Release|Any CPU.ActiveCfg = Release|Any CPU
		{2696FB74-A6F0-4756-96AD-DDE252C5F487}.Release|Any CPU.Build.0 = Release|Any CPU
	EndGlobalSection
	GlobalSection(SolutionProperties) = preSolution
		HideSolutionNode = FALSE
	EndGlobalSection
	GlobalSection(SubversionScc) = preSolution
		Svn-Managed = True
		Manager = AnkhSVN - Subversion Support for Visual Studio
	EndGlobalSection
	GlobalSection(TestCaseManagementSettings) = postSolution
		CategoryFile = HeroicAdventure.vsmdi
	EndGlobalSection
EndGlobal
